
Microsoft Visual Studio Solution File, Format Version 12.00
# Visual Studio 15
VisualStudioVersion = 15.0.27130.2027
MinimumVisualStudioVersion = 10.0.40219.1
Project("{9A19103F-16F7-4668-BE54-9A1E7A4F7556}") = "storage-blob-dotnet-latency-profiler", "storage-blob-dotnet-latency-profiler\storage-blob-dotnet-latency-profiler.csproj", "{62BFB959-EDDC-4B0B-A50A-F1E984639BC7}"
EndProject
Global
	GlobalSection(SolutionConfigurationPlatforms) = preSolution
		Debug|Any CPU = Debug|Any CPU
		Release|Any CPU = Release|Any CPU
	EndGlobalSection
	GlobalSection(ProjectConfigurationPlatforms) = postSolution
		{62BFB959-EDDC-4B0B-A50A-F1E984639BC7}.Debug|Any CPU.ActiveCfg = Debug|Any CPU
		{62BFB959-EDDC-4B0B-A50A-F1E984639BC7}.Debug|Any CPU.Build.0 = Debug|Any CPU
		{62BFB959-EDDC-4B0B-A50A-F1E984639BC7}.Release|Any CPU.ActiveCfg = Release|Any CPU
		{62BFB959-EDDC-4B0B-A50A-F1E984639BC7}.Release|Any CPU.Build.0 = Release|Any CPU
	EndGlobalSection
	GlobalSection(SolutionProperties) = preSolution
		HideSolutionNode = FALSE
	EndGlobalSection
	GlobalSection(ExtensibilityGlobals) = postSolution
		SolutionGuid = {69D47304-8A56-44AA-9A22-7DB0AE602CBF}
	EndGlobalSection
EndGlobal
